
Microsoft Visual Studio Solution File, Format Version 12.00
# Visual Studio Version 17
VisualStudioVersion = 17.6.33815.320
MinimumVisualStudioVersion = 10.0.40219.1
Project("{FAE04EC0-301F-11D3-BF4B-00C04F79EFBC}") = "Trash Sorter", "Trash Sorter.csproj", "{E49C2016-89D9-418F-9630-2D6BDD8F9EBE}"
EndProject
Global
	GlobalSection(SolutionConfigurationPlatforms) = preSolution
		Debug|Any CPU = Debug|Any CPU
		Release|Any CPU = Release|Any CPU
	EndGlobalSection
	GlobalSection(ProjectConfigurationPlatforms) = postSolution
		{E49C2016-89D9-418F-9630-2D6BDD8F9EBE}.Debug|Any CPU.ActiveCfg = Debug|Any CPU
		{E49C2016-89D9-418F-9630-2D6BDD8F9EBE}.Debug|Any CPU.Build.0 = Debug|Any CPU
		{E49C2016-89D9-418F-9630-2D6BDD8F9EBE}.Release|Any CPU.ActiveCfg = Release|Any CPU
		{E49C2016-89D9-418F-9630-2D6BDD8F9EBE}.Release|Any CPU.Build.0 = Release|Any CPU
	EndGlobalSection
	GlobalSection(SolutionProperties) = preSolution
		HideSolutionNode = FALSE
	EndGlobalSection
	GlobalSection(ExtensibilityGlobals) = postSolution
		SolutionGuid = {95B0FA84-8F94-4E36-B54E-8E8F4BAE48DE}
	EndGlobalSection
EndGlobal
